
Microsoft Visual Studio Solution File, Format Version 12.00
# Visual Studio 2012
Project("{FAE04EC0-301F-11D3-BF4B-00C04F79EFBC}") = "Person", "Person\Person.csproj", "{2957AA33-085D-4C86-8F9E-E25AF3FFDB6C}"
EndProject
Project("{FAE04EC0-301F-11D3-BF4B-00C04F79EFBC}") = "Student", "Student\Student.csproj", "{C78DD161-B9CC-49E0-BD08-8BA52A21DBA8}"
EndProject
Global
	GlobalSection(SolutionConfigurationPlatforms) = preSolution
		Debug|Any CPU = Debug|Any CPU
		Release|Any CPU = Release|Any CPU
	EndGlobalSection
	GlobalSection(ProjectConfigurationPlatforms) = postSolution
		{2957AA33-085D-4C86-8F9E-E25AF3FFDB6C}.Debug|Any CPU.ActiveCfg = Debug|Any CPU
		{2957AA33-085D-4C86-8F9E-E25AF3FFDB6C}.Debug|Any CPU.Build.0 = Debug|Any CPU
		{2957AA33-085D-4C86-8F9E-E25AF3FFDB6C}.Release|Any CPU.ActiveCfg = Release|Any CPU
		{2957AA33-085D-4C86-8F9E-E25AF3FFDB6C}.Release|Any CPU.Build.0 = Release|Any CPU
		{C78DD161-B9CC-49E0-BD08-8BA52A21DBA8}.Debug|Any CPU.ActiveCfg = Debug|Any CPU
		{C78DD161-B9CC-49E0-BD08-8BA52A21DBA8}.Debug|Any CPU.Build.0 = Debug|Any CPU
		{C78DD161-B9CC-49E0-BD08-8BA52A21DBA8}.Release|Any CPU.ActiveCfg = Release|Any CPU
		{C78DD161-B9CC-49E0-BD08-8BA52A21DBA8}.Release|Any CPU.Build.0 = Release|Any CPU
	EndGlobalSection
	GlobalSection(SolutionProperties) = preSolution
		HideSolutionNode = FALSE
	EndGlobalSection
EndGlobal
