
Microsoft Visual Studio Solution File, Format Version 12.00
# Visual Studio 2012
Project("{FAE04EC0-301F-11D3-BF4B-00C04F79EFBC}") = "Task1", "OOP Principles II\Task1.csproj", "{71E6A92A-0A31-4234-8F98-951EE276E116}"
EndProject
Project("{FAE04EC0-301F-11D3-BF4B-00C04F79EFBC}") = "Task2", "Task2\Task2.csproj", "{39328266-1777-43DF-9E86-B014EEB2CD49}"
EndProject
Project("{FAE04EC0-301F-11D3-BF4B-00C04F79EFBC}") = "Task3", "Taks3\Task3.csproj", "{BC986C05-51E3-4ED6-BF35-164D7200135C}"
EndProject
Global
	GlobalSection(SolutionConfigurationPlatforms) = preSolution
		Debug|Any CPU = Debug|Any CPU
		Release|Any CPU = Release|Any CPU
	EndGlobalSection
	GlobalSection(ProjectConfigurationPlatforms) = postSolution
		{71E6A92A-0A31-4234-8F98-951EE276E116}.Debug|Any CPU.ActiveCfg = Debug|Any CPU
		{71E6A92A-0A31-4234-8F98-951EE276E116}.Debug|Any CPU.Build.0 = Debug|Any CPU
		{71E6A92A-0A31-4234-8F98-951EE276E116}.Release|Any CPU.ActiveCfg = Release|Any CPU
		{71E6A92A-0A31-4234-8F98-951EE276E116}.Release|Any CPU.Build.0 = Release|Any CPU
		{39328266-1777-43DF-9E86-B014EEB2CD49}.Debug|Any CPU.ActiveCfg = Debug|Any CPU
		{39328266-1777-43DF-9E86-B014EEB2CD49}.Debug|Any CPU.Build.0 = Debug|Any CPU
		{39328266-1777-43DF-9E86-B014EEB2CD49}.Release|Any CPU.ActiveCfg = Release|Any CPU
		{39328266-1777-43DF-9E86-B014EEB2CD49}.Release|Any CPU.Build.0 = Release|Any CPU
		{BC986C05-51E3-4ED6-BF35-164D7200135C}.Debug|Any CPU.ActiveCfg = Debug|Any CPU
		{BC986C05-51E3-4ED6-BF35-164D7200135C}.Debug|Any CPU.Build.0 = Debug|Any CPU
		{BC986C05-51E3-4ED6-BF35-164D7200135C}.Release|Any CPU.ActiveCfg = Release|Any CPU
		{BC986C05-51E3-4ED6-BF35-164D7200135C}.Release|Any CPU.Build.0 = Release|Any CPU
	EndGlobalSection
	GlobalSection(SolutionProperties) = preSolution
		HideSolutionNode = FALSE
	EndGlobalSection
EndGlobal
